
Microsoft Visual Studio Solution File, Format Version 12.00
# Visual Studio Version 16
VisualStudioVersion = 16.0.29326.143
MinimumVisualStudioVersion = 10.0.40219.1
Project("{FAE04EC0-301F-11D3-BF4B-00C04F79EFBC}") = "PasswordHashTestImplementing", "PasswordHashTestImplementing\PasswordHashTestImplementing.csproj", "{D530961A-A710-401F-9C1B-BB164E1F1AC9}"
EndProject
Global
	GlobalSection(SolutionConfigurationPlatforms) = preSolution
		Debug|Any CPU = Debug|Any CPU
		Release|Any CPU = Release|Any CPU
	EndGlobalSection
	GlobalSection(ProjectConfigurationPlatforms) = postSolution
		{D530961A-A710-401F-9C1B-BB164E1F1AC9}.Debug|Any CPU.ActiveCfg = Debug|Any CPU
		{D530961A-A710-401F-9C1B-BB164E1F1AC9}.Debug|Any CPU.Build.0 = Debug|Any CPU
		{D530961A-A710-401F-9C1B-BB164E1F1AC9}.Release|Any CPU.ActiveCfg = Release|Any CPU
		{D530961A-A710-401F-9C1B-BB164E1F1AC9}.Release|Any CPU.Build.0 = Release|Any CPU
	EndGlobalSection
	GlobalSection(SolutionProperties) = preSolution
		HideSolutionNode = FALSE
	EndGlobalSection
	GlobalSection(ExtensibilityGlobals) = postSolution
		SolutionGuid = {04EE5938-2576-459E-AAC5-81D96B43C675}
	EndGlobalSection
EndGlobal
